
Microsoft Visual Studio Solution File, Format Version 12.00
# Visual Studio Version 17
VisualStudioVersion = 17.3.32819.101
MinimumVisualStudioVersion = 10.0.40219.1
Project("{FAE04EC0-301F-11D3-BF4B-00C04F79EFBC}") = "MarieA_Assign1", "MarieA_Assign1\MarieA_Assign1.csproj", "{FF745607-9072-4D79-B058-46BD0A669499}"
EndProject
Global
	GlobalSection(SolutionConfigurationPlatforms) = preSolution
		Debug|Any CPU = Debug|Any CPU
		Release|Any CPU = Release|Any CPU
	EndGlobalSection
	GlobalSection(ProjectConfigurationPlatforms) = postSolution
		{FF745607-9072-4D79-B058-46BD0A669499}.Debug|Any CPU.ActiveCfg = Debug|Any CPU
		{FF745607-9072-4D79-B058-46BD0A669499}.Debug|Any CPU.Build.0 = Debug|Any CPU
		{FF745607-9072-4D79-B058-46BD0A669499}.Release|Any CPU.ActiveCfg = Release|Any CPU
		{FF745607-9072-4D79-B058-46BD0A669499}.Release|Any CPU.Build.0 = Release|Any CPU
	EndGlobalSection
	GlobalSection(SolutionProperties) = preSolution
		HideSolutionNode = FALSE
	EndGlobalSection
	GlobalSection(ExtensibilityGlobals) = postSolution
		SolutionGuid = {733A7E62-C9BB-43AE-93C7-CA2CAB8482E2}
	EndGlobalSection
EndGlobal
